
Microsoft Visual Studio Solution File, Format Version 12.00
# Visual Studio Version 16
VisualStudioVersion = 16.0.31424.327
MinimumVisualStudioVersion = 10.0.40219.1
Project("{888888A0-9F3D-457C-B088-3A5042F75D52}") = "Pong", "Pong.pyproj", "{6897341E-C8AD-45EE-A062-F9E8F5F5D218}"
EndProject
Global
	GlobalSection(SolutionConfigurationPlatforms) = preSolution
		Debug|Any CPU = Debug|Any CPU
		Release|Any CPU = Release|Any CPU
	EndGlobalSection
	GlobalSection(ProjectConfigurationPlatforms) = postSolution
		{6897341E-C8AD-45EE-A062-F9E8F5F5D218}.Debug|Any CPU.ActiveCfg = Debug|Any CPU
		{6897341E-C8AD-45EE-A062-F9E8F5F5D218}.Release|Any CPU.ActiveCfg = Release|Any CPU
	EndGlobalSection
	GlobalSection(SolutionProperties) = preSolution
		HideSolutionNode = FALSE
	EndGlobalSection
	GlobalSection(ExtensibilityGlobals) = postSolution
		SolutionGuid = {4556622D-E2B7-4F9B-9022-A623D7BD76DC}
	EndGlobalSection
EndGlobal
